# This file is automatically @generated by Cargo.
# It is not intended for manual editing.
version = 4

[[package]]
name = "cc-bench"
version = "0.8.2"
dependencies = [
 "cc-core",
 "cc-sim",
]

[[package]]
name = "cc-checker"
version = "0.8.2"
dependencies = [
 "cc-cluster",
 "cc-core",
]

[[package]]
name = "cc-cluster"
version = "0.8.2"
dependencies = [
 "cc-core",
 "cc-env",
 "cc-kv",
 "cc-raft",
 "cc-store",
 "cc-wal",
]

[[package]]
name = "cc-core"
version = "0.8.2"

[[package]]
name = "cc-env"
version = "0.8.2"
dependencies = [
 "cc-core",
]

[[package]]
name = "cc-kv"
version = "0.8.2"
dependencies = [
 "cc-core",
 "cc-store",
]

[[package]]
name = "cc-node"
version = "0.8.2"
dependencies = [
 "cc-cluster",
 "cc-core",
 "cc-env",
 "cc-kv",
 "cc-resp",
 "cc-store",
]

[[package]]
name = "cc-raft"
version = "0.8.2"
dependencies = [
 "cc-core",
 "cc-env",
]

[[package]]
name = "cc-resp"
version = "0.8.2"
dependencies = [
 "cc-core",
]

[[package]]
name = "cc-sim"
version = "0.8.2"
dependencies = [
 "cc-core",
 "cc-env",
]

[[package]]
name = "cc-store"
version = "0.8.2"
dependencies = [
 "cc-core",
 "cc-wal",
]

[[package]]
name = "cc-swarm"
version = "0.8.2"
dependencies = [
 "cc-checker",
 "cc-core",
 "cc-sim",
]

[[package]]
name = "cc-wal"
version = "0.8.2"
dependencies = [
 "cc-core",
]

[[package]]
name = "cc-wasm"
version = "0.8.2"
dependencies = [
 "cc-checker",
 "cc-cluster",
 "cc-core",
 "cc-sim",
]
